
Microsoft Visual Studio Solution File, Format Version 12.00
# Visual Studio Version 17
VisualStudioVersion = 17.2.32630.192
MinimumVisualStudioVersion = 10.0.40219.1
Project("{FAE04EC0-301F-11D3-BF4B-00C04F79EFBC}") = "exceptions", "exceptions\exceptions.csproj", "{F2DC32E8-8040-46CA-97BD-32FE5C67F8A0}"
EndProject
Global
	GlobalSection(SolutionConfigurationPlatforms) = preSolution
		Debug|Any CPU = Debug|Any CPU
		Release|Any CPU = Release|Any CPU
	EndGlobalSection
	GlobalSection(ProjectConfigurationPlatforms) = postSolution
		{F2DC32E8-8040-46CA-97BD-32FE5C67F8A0}.Debug|Any CPU.ActiveCfg = Debug|Any CPU
		{F2DC32E8-8040-46CA-97BD-32FE5C67F8A0}.Debug|Any CPU.Build.0 = Debug|Any CPU
		{F2DC32E8-8040-46CA-97BD-32FE5C67F8A0}.Release|Any CPU.ActiveCfg = Release|Any CPU
		{F2DC32E8-8040-46CA-97BD-32FE5C67F8A0}.Release|Any CPU.Build.0 = Release|Any CPU
	EndGlobalSection
	GlobalSection(SolutionProperties) = preSolution
		HideSolutionNode = FALSE
	EndGlobalSection
	GlobalSection(ExtensibilityGlobals) = postSolution
		SolutionGuid = {B4327F4E-6BC6-424D-8043-FB516FBF3B49}
	EndGlobalSection
EndGlobal
